
Microsoft Visual Studio Solution File, Format Version 12.00
# Visual Studio Version 17
VisualStudioVersion = 17.9.34902.65
MinimumVisualStudioVersion = 10.0.40219.1
Project("{9A19103F-16F7-4668-BE54-9A1E7A4F7556}") = "ShopV1.Web", "ShopV1.Web\ShopV1.Web.csproj", "{7DDB9147-9B2D-49DB-966A-8E7F83EBF31D}"
EndProject
Project("{9A19103F-16F7-4668-BE54-9A1E7A4F7556}") = "ShopV1.Data", "ShopV1.Data\ShopV1.Data.csproj", "{D3E427C8-327D-4B95-9D0B-F772477CFE53}"
EndProject
Project("{9A19103F-16F7-4668-BE54-9A1E7A4F7556}") = "ShopV1.Application", "ShopV1.Application\ShopV1.Application.csproj", "{13C2ED0F-D417-4EFD-9E50-B4F7291B5FD7}"
EndProject
Project("{9A19103F-16F7-4668-BE54-9A1E7A4F7556}") = "ShopV1.Utilities", "ShopV1.Utilities\ShopV1.Utilities.csproj", "{F153B89C-F061-4D84-BBFF-026E7F0BB121}"
EndProject
Project("{9A19103F-16F7-4668-BE54-9A1E7A4F7556}") = "ShopV1.ViewModels", "ShopV1.ViewModels\ShopV1.ViewModels.csproj", "{F971E9AC-143E-4DE9-8127-A32013716E21}"
EndProject
Project("{9A19103F-16F7-4668-BE54-9A1E7A4F7556}") = "ShopV1.BackendApi", "ShopV1.BackendApi\ShopV1.BackendApi.csproj", "{4366A51C-7ACD-4073-ADBC-F3EB7F2D4B9C}"
EndProject
Project("{2150E333-8FDC-42A3-9474-1A3956D46DE8}") = "1. Infrastructure", "1. Infrastructure", "{EDFF7AF4-528D-4127-86CC-43F5AE50243D}"
EndProject
Project("{2150E333-8FDC-42A3-9474-1A3956D46DE8}") = "2. Domain", "2. Domain", "{8D8B89F1-331C-4224-B848-485690734955}"
EndProject
Project("{2150E333-8FDC-42A3-9474-1A3956D46DE8}") = "3. Hosts", "3. Hosts", "{B8AB7CCC-4648-4D65-B325-99F9B623AD30}"
EndProject
Project("{FAE04EC0-301F-11D3-BF4B-00C04F79EFBC}") = "ShopV1.AdminApp", "ShopV1.AdminApp\ShopV1.AdminApp.csproj", "{715DED7E-DD45-4D2A-8B4B-320B7DE19AFB}"
EndProject
Global
	GlobalSection(SolutionConfigurationPlatforms) = preSolution
		Debug|Any CPU = Debug|Any CPU
		Release|Any CPU = Release|Any CPU
	EndGlobalSection
	GlobalSection(ProjectConfigurationPlatforms) = postSolution
		{7DDB9147-9B2D-49DB-966A-8E7F83EBF31D}.Debug|Any CPU.ActiveCfg = Debug|Any CPU
		{7DDB9147-9B2D-49DB-966A-8E7F83EBF31D}.Debug|Any CPU.Build.0 = Debug|Any CPU
		{7DDB9147-9B2D-49DB-966A-8E7F83EBF31D}.Release|Any CPU.ActiveCfg = Release|Any CPU
		{7DDB9147-9B2D-49DB-966A-8E7F83EBF31D}.Release|Any CPU.Build.0 = Release|Any CPU
		{D3E427C8-327D-4B95-9D0B-F772477CFE53}.Debug|Any CPU.ActiveCfg = Debug|Any CPU
		{D3E427C8-327D-4B95-9D0B-F772477CFE53}.Debug|Any CPU.Build.0 = Debug|Any CPU
		{D3E427C8-327D-4B95-9D0B-F772477CFE53}.Release|Any CPU.ActiveCfg = Release|Any CPU
		{D3E427C8-327D-4B95-9D0B-F772477CFE53}.Release|Any CPU.Build.0 = Release|Any CPU
		{13C2ED0F-D417-4EFD-9E50-B4F7291B5FD7}.Debug|Any CPU.ActiveCfg = Debug|Any CPU
		{13C2ED0F-D417-4EFD-9E50-B4F7291B5FD7}.Debug|Any CPU.Build.0 = Debug|Any CPU
		{13C2ED0F-D417-4EFD-9E50-B4F7291B5FD7}.Release|Any CPU.ActiveCfg = Release|Any CPU
		{13C2ED0F-D417-4EFD-9E50-B4F7291B5FD7}.Release|Any CPU.Build.0 = Release|Any CPU
		{F153B89C-F061-4D84-BBFF-026E7F0BB121}.Debug|Any CPU.ActiveCfg = Debug|Any CPU
		{F153B89C-F061-4D84-BBFF-026E7F0BB121}.Debug|Any CPU.Build.0 = Debug|Any CPU
		{F153B89C-F061-4D84-BBFF-026E7F0BB121}.Release|Any CPU.ActiveCfg = Release|Any CPU
		{F153B89C-F061-4D84-BBFF-026E7F0BB121}.Release|Any CPU.Build.0 = Release|Any CPU
		{F971E9AC-143E-4DE9-8127-A32013716E21}.Debug|Any CPU.ActiveCfg = Debug|Any CPU
		{F971E9AC-143E-4DE9-8127-A32013716E21}.Debug|Any CPU.Build.0 = Debug|Any CPU
		{F971E9AC-143E-4DE9-8127-A32013716E21}.Release|Any CPU.ActiveCfg = Release|Any CPU
		{F971E9AC-143E-4DE9-8127-A32013716E21}.Release|Any CPU.Build.0 = Release|Any CPU
		{4366A51C-7ACD-4073-ADBC-F3EB7F2D4B9C}.Debug|Any CPU.ActiveCfg = Debug|Any CPU
		{4366A51C-7ACD-4073-ADBC-F3EB7F2D4B9C}.Debug|Any CPU.Build.0 = Debug|Any CPU
		{4366A51C-7ACD-4073-ADBC-F3EB7F2D4B9C}.Release|Any CPU.ActiveCfg = Release|Any CPU
		{4366A51C-7ACD-4073-ADBC-F3EB7F2D4B9C}.Release|Any CPU.Build.0 = Release|Any CPU
		{715DED7E-DD45-4D2A-8B4B-320B7DE19AFB}.Debug|Any CPU.ActiveCfg = Debug|Any CPU
		{715DED7E-DD45-4D2A-8B4B-320B7DE19AFB}.Debug|Any CPU.Build.0 = Debug|Any CPU
		{715DED7E-DD45-4D2A-8B4B-320B7DE19AFB}.Release|Any CPU.ActiveCfg = Release|Any CPU
		{715DED7E-DD45-4D2A-8B4B-320B7DE19AFB}.Release|Any CPU.Build.0 = Release|Any CPU
	EndGlobalSection
	GlobalSection(SolutionProperties) = preSolution
		HideSolutionNode = FALSE
	EndGlobalSection
	GlobalSection(NestedProjects) = preSolution
		{7DDB9147-9B2D-49DB-966A-8E7F83EBF31D} = {B8AB7CCC-4648-4D65-B325-99F9B623AD30}
		{D3E427C8-327D-4B95-9D0B-F772477CFE53} = {8D8B89F1-331C-4224-B848-485690734955}
		{13C2ED0F-D417-4EFD-9E50-B4F7291B5FD7} = {8D8B89F1-331C-4224-B848-485690734955}
		{F153B89C-F061-4D84-BBFF-026E7F0BB121} = {EDFF7AF4-528D-4127-86CC-43F5AE50243D}
		{F971E9AC-143E-4DE9-8127-A32013716E21} = {EDFF7AF4-528D-4127-86CC-43F5AE50243D}
		{4366A51C-7ACD-4073-ADBC-F3EB7F2D4B9C} = {B8AB7CCC-4648-4D65-B325-99F9B623AD30}
		{715DED7E-DD45-4D2A-8B4B-320B7DE19AFB} = {B8AB7CCC-4648-4D65-B325-99F9B623AD30}
	EndGlobalSection
	GlobalSection(ExtensibilityGlobals) = postSolution
		SolutionGuid = {350BAE8E-7011-4E4D-AB05-EFA21731DDE5}
	EndGlobalSection
EndGlobal
