
Microsoft Visual Studio Solution File, Format Version 12.00
# Visual Studio Version 17
VisualStudioVersion = 17.9.34902.65
MinimumVisualStudioVersion = 10.0.40219.1
Project("{FAE04EC0-301F-11D3-BF4B-00C04F79EFBC}") = "ShopV1.Web", "ShopV1.Web\ShopV1.Web.csproj", "{7DDB9147-9B2D-49DB-966A-8E7F83EBF31D}"
EndProject
Global
	GlobalSection(SolutionConfigurationPlatforms) = preSolution
		Debug|Any CPU = Debug|Any CPU
		Release|Any CPU = Release|Any CPU
	EndGlobalSection
	GlobalSection(ProjectConfigurationPlatforms) = postSolution
		{7DDB9147-9B2D-49DB-966A-8E7F83EBF31D}.Debug|Any CPU.ActiveCfg = Debug|Any CPU
		{7DDB9147-9B2D-49DB-966A-8E7F83EBF31D}.Debug|Any CPU.Build.0 = Debug|Any CPU
		{7DDB9147-9B2D-49DB-966A-8E7F83EBF31D}.Release|Any CPU.ActiveCfg = Release|Any CPU
		{7DDB9147-9B2D-49DB-966A-8E7F83EBF31D}.Release|Any CPU.Build.0 = Release|Any CPU
	EndGlobalSection
	GlobalSection(SolutionProperties) = preSolution
		HideSolutionNode = FALSE
	EndGlobalSection
	GlobalSection(ExtensibilityGlobals) = postSolution
		SolutionGuid = {350BAE8E-7011-4E4D-AB05-EFA21731DDE5}
	EndGlobalSection
EndGlobal
